// !$*UTF8*$!
{
	archiveVersion = 1;
	classes = {
	};
	objectVersion = 46;
	objects = {

/* Begin PBXBuildFile section */
		CF1B66A71A32F42400665D50 /* AppDelegate.swift in Sources */ = {isa = PBXBuildFile; fileRef = CF1B66A61A32F42400665D50 /* AppDelegate.swift */; };
		CF1B66A91A32F42400665D50 /* ViewController.swift in Sources */ = {isa = PBXBuildFile; fileRef = CF1B66A81A32F42400665D50 /* ViewController.swift */; };
		CF1B66AC1A32F42400665D50 /* Main.storyboard in Resources */ = {isa = PBXBuildFile; fileRef = CF1B66AA1A32F42400665D50 /* Main.storyboard */; };
		CF1B66AE1A32F42400665D50 /* Images.xcassets in Resources */ = {isa = PBXBuildFile; fileRef = CF1B66AD1A32F42400665D50 /* Images.xcassets */; };
		CF1B66B11A32F42400665D50 /* LaunchScreen.xib in Resources */ = {isa = PBXBuildFile; fileRef = CF1B66AF1A32F42400665D50 /* LaunchScreen.xib */; };
		CF1B66BD1A32F42400665D50 /* SampleTests.swift in Sources */ = {isa = PBXBuildFile; fileRef = CF1B66BC1A32F42400665D50 /* SampleTests.swift */; };
		CF1B66C71A32F5AC00665D50 /* Reachability.swift in Sources */ = {isa = PBXBuildFile; fileRef = CF1B66C61A32F5AC00665D50 /* Reachability.swift */; };
/* End PBXBuildFile section */

/* Begin PBXContainerItemProxy section */
		CF1B66B71A32F42400665D50 /* PBXContainerItemProxy */ = {
			isa = PBXContainerItemProxy;
			containerPortal = CF1B66991A32F42400665D50 /* Project object */;
			proxyType = 1;
			remoteGlobalIDString = CF1B66A01A32F42400665D50;
			remoteInfo = Sample;
		};
/* End PBXContainerItemProxy section */

/* Begin PBXFileReference section */
		CF1B66A11A32F42400665D50 /* Sample.app */ = {isa = PBXFileReference; explicitFileType = wrapper.application; includeInIndex = 0; path = Sample.app; sourceTree = BUILT_PRODUCTS_DIR; };
		CF1B66A51A32F42400665D50 /* Info.plist */ = {isa = PBXFileReference; lastKnownFileType = text.plist.xml; path = Info.plist; sourceTree = "<group>"; };
		CF1B66A61A32F42400665D50 /* AppDelegate.swift */ = {isa = PBXFileReference; lastKnownFileType = sourcecode.swift; path = AppDelegate.swift; sourceTree = "<group>"; };
		CF1B66A81A32F42400665D50 /* ViewController.swift */ = {isa = PBXFileReference; lastKnownFileType = sourcecode.swift; path = ViewController.swift; sourceTree = "<group>"; };
		CF1B66AB1A32F42400665D50 /* Base */ = {isa = PBXFileReference; lastKnownFileType = file.storyboard; name = Base; path = Base.lproj/Main.storyboard; sourceTree = "<group>"; };
		CF1B66AD1A32F42400665D50 /* Images.xcassets */ = {isa = PBXFileReference; lastKnownFileType = folder.assetcatalog; path = Images.xcassets; sourceTree = "<group>"; };
		CF1B66B01A32F42400665D50 /* Base */ = {isa = PBXFileReference; lastKnownFileType = file.xib; name = Base; path = Base.lproj/LaunchScreen.xib; sourceTree = "<group>"; };
		CF1B66B61A32F42400665D50 /* SampleTests.xctest */ = {isa = PBXFileReference; explicitFileType = wrapper.cfbundle; includeInIndex = 0; path = SampleTests.xctest; sourceTree = BUILT_PRODUCTS_DIR; };
		CF1B66BB1A32F42400665D50 /* Info.plist */ = {isa = PBXFileReference; lastKnownFileType = text.plist.xml; path = Info.plist; sourceTree = "<group>"; };
		CF1B66BC1A32F42400665D50 /* SampleTests.swift */ = {isa = PBXFileReference; lastKnownFileType = sourcecode.swift; path = SampleTests.swift; sourceTree = "<group>"; };
		CF1B66C61A32F5AC00665D50 /* Reachability.swift */ = {isa = PBXFileReference; fileEncoding = 4; lastKnownFileType = sourcecode.swift; path = Reachability.swift; sourceTree = "<group>"; };
/* End PBXFileReference section */

/* Begin PBXFrameworksBuildPhase section */
		CF1B669E1A32F42400665D50 /* Frameworks */ = {
			isa = PBXFrameworksBuildPhase;
			buildActionMask = 2147483647;
			files = (
			);
			runOnlyForDeploymentPostprocessing = 0;
		};
		CF1B66B31A32F42400665D50 /* Frameworks */ = {
			isa = PBXFrameworksBuildPhase;
			buildActionMask = 2147483647;
			files = (
			);
			runOnlyForDeploymentPostprocessing = 0;
		};
/* End PBXFrameworksBuildPhase section */

/* Begin PBXGroup section */
		CF1B66981A32F42400665D50 = {
			isa = PBXGroup;
			children = (
				CF1B66C61A32F5AC00665D50 /* Reachability.swift */,
				CF1B66A31A32F42400665D50 /* Sample */,
				CF1B66B91A32F42400665D50 /* SampleTests */,
				CF1B66A21A32F42400665D50 /* Products */,
			);
			sourceTree = "<group>";
		};
		CF1B66A21A32F42400665D50 /* Products */ = {
			isa = PBXGroup;
			children = (
				CF1B66A11A32F42400665D50 /* Sample.app */,
				CF1B66B61A32F42400665D50 /* SampleTests.xctest */,
			);
			name = Products;
			sourceTree = "<group>";
		};
		CF1B66A31A32F42400665D50 /* Sample */ = {
			isa = PBXGroup;
			children = (
				CF1B66A61A32F42400665D50 /* AppDelegate.swift */,
				CF1B66A81A32F42400665D50 /* ViewController.swift */,
				CF1B66AA1A32F42400665D50 /* Main.storyboard */,
				CF1B66AD1A32F42400665D50 /* Images.xcassets */,
				CF1B66AF1A32F42400665D50 /* LaunchScreen.xib */,
				CF1B66A41A32F42400665D50 /* Supporting Files */,
			);
			path = Sample;
			sourceTree = "<group>";
		};
		CF1B66A41A32F42400665D50 /* Supporting Files */ = {
			isa = PBXGroup;
			children = (
				CF1B66A51A32F42400665D50 /* Info.plist */,
			);
			name = "Supporting Files";
			sourceTree = "<group>";
		};
		CF1B66B91A32F42400665D50 /* SampleTests */ = {
			isa = PBXGroup;
			children = (
				CF1B66BC1A32F42400665D50 /* SampleTests.swift */,
				CF1B66BA1A32F42400665D50 /* Supporting Files */,
			);
			path = SampleTests;
			sourceTree = "<group>";
		};
		CF1B66BA1A32F42400665D50 /* Supporting Files */ = {
			isa = PBXGroup;
			children = (
				CF1B66BB1A32F42400665D50 /* Info.plist */,
			);
			name = "Supporting Files";
			sourceTree = "<group>";
		};
/* End PBXGroup section */

/* Begin PBXNativeTarget section */
		CF1B66A01A32F42400665D50 /* Sample */ = {
			isa = PBXNativeTarget;
			buildConfigurationList = CF1B66C01A32F42400665D50 /* Build configuration list for PBXNativeTarget "Sample" */;
			buildPhases = (
				CF1B669D1A32F42400665D50 /* Sources */,
				CF1B669E1A32F42400665D50 /* Frameworks */,
				CF1B669F1A32F42400665D50 /* Resources */,
			);
			buildRules = (
			);
			dependencies = (
			);
			name = Sample;
			productName = Sample;
			productReference = CF1B66A11A32F42400665D50 /* Sample.app */;
			productType = "com.apple.product-type.application";
		};
		CF1B66B51A32F42400665D50 /* SampleTests */ = {
			isa = PBXNativeTarget;
			buildConfigurationList = CF1B66C31A32F42400665D50 /* Build configuration list for PBXNativeTarget "SampleTests" */;
			buildPhases = (
				CF1B66B21A32F42400665D50 /* Sources */,
				CF1B66B31A32F42400665D50 /* Frameworks */,
				CF1B66B41A32F42400665D50 /* Resources */,
			);
			buildRules = (
			);
			dependencies = (
				CF1B66B81A32F42400665D50 /* PBXTargetDependency */,
			);
			name = SampleTests;
			productName = SampleTests;
			productReference = CF1B66B61A32F42400665D50 /* SampleTests.xctest */;
			productType = "com.apple.product-type.bundle.unit-test";
		};
/* End PBXNativeTarget section */

/* Begin PBXProject section */
		CF1B66991A32F42400665D50 /* Project object */ = {
			isa = PBXProject;
			attributes = {
				LastUpgradeCheck = 0610;
				ORGANIZATIONNAME = Bloc;
				TargetAttributes = {
					CF1B66A01A32F42400665D50 = {
						CreatedOnToolsVersion = 6.1.1;
					};
					CF1B66B51A32F42400665D50 = {
						CreatedOnToolsVersion = 6.1.1;
						TestTargetID = CF1B66A01A32F42400665D50;
					};
				};
			};
			buildConfigurationList = CF1B669C1A32F42400665D50 /* Build configuration list for PBXProject "Sample" */;
			compatibilityVersion = "Xcode 3.2";
			developmentRegion = English;
			hasScannedForEncodings = 0;
			knownRegions = (
				en,
				Base,
			);
			mainGroup = CF1B66981A32F42400665D50;
			productRefGroup = CF1B66A21A32F42400665D50 /* Products */;
			projectDirPath = "";
			projectRoot = "";
			targets = (
				CF1B66A01A32F42400665D50 /* Sample */,
				CF1B66B51A32F42400665D50 /* SampleTests */,
			);
		};
/* End PBXProject section */

/* Begin PBXResourcesBuildPhase section */
		CF1B669F1A32F42400665D50 /* Resources */ = {
			isa = PBXResourcesBuildPhase;
			buildActionMask = 2147483647;
			files = (
				CF1B66AC1A32F42400665D50 /* Main.storyboard in Resources */,
				CF1B66B11A32F42400665D50 /* LaunchScreen.xib in Resources */,
				CF1B66AE1A32F42400665D50 /* Images.xcassets in Resources */,
			);
			runOnlyForDeploymentPostprocessing = 0;
		};
		CF1B66B41A32F42400665D50 /* Resources */ = {
			isa = PBXResourcesBuildPhase;
			buildActionMask = 2147483647;
			files = (
			);
			runOnlyForDeploymentPostprocessing = 0;
		};
/* End PBXResourcesBuildPhase section */

/* Begin PBXSourcesBuildPhase section */
		CF1B669D1A32F42400665D50 /* Sources */ = {
			isa = PBXSourcesBuildPhase;
			buildActionMask = 2147483647;
			files = (
				CF1B66A91A32F42400665D50 /* ViewController.swift in Sources */,
				CF1B66A71A32F42400665D50 /* AppDelegate.swift in Sources */,
				CF1B66C71A32F5AC00665D50 /* Reachability.swift in Sources */,
			);
			runOnlyForDeploymentPostprocessing = 0;
		};
		CF1B66B21A32F42400665D50 /* Sources */ = {
			isa = PBXSourcesBuildPhase;
			buildActionMask = 2147483647;
			files = (
				CF1B66BD1A32F42400665D50 /* SampleTests.swift in Sources */,
			);
			runOnlyForDeploymentPostprocessing = 0;
		};
/* End PBXSourcesBuildPhase section */

/* Begin PBXTargetDependency section */
		CF1B66B81A32F42400665D50 /* PBXTargetDependency */ = {
			isa = PBXTargetDependency;
			target = CF1B66A01A32F42400665D50 /* Sample */;
			targetProxy = CF1B66B71A32F42400665D50 /* PBXContainerItemProxy */;
		};
/* End PBXTargetDependency section */

/* Begin PBXVariantGroup section */
		CF1B66AA1A32F42400665D50 /* Main.storyboard */ = {
			isa = PBXVariantGroup;
			children = (
				CF1B66AB1A32F42400665D50 /* Base */,
			);
			name = Main.storyboard;
			sourceTree = "<group>";
		};
		CF1B66AF1A32F42400665D50 /* LaunchScreen.xib */ = {
			isa = PBXVariantGroup;
			children = (
				CF1B66B01A32F42400665D50 /* Base */,
			);
			name = LaunchScreen.xib;
			sourceTree = "<group>";
		};
/* End PBXVariantGroup section */

/* Begin XCBuildConfiguration section */
		CF1B66BE1A32F42400665D50 /* Debug */ = {
			isa = XCBuildConfiguration;
			buildSettings = {
				ALWAYS_SEARCH_USER_PATHS = NO;
				CLANG_CXX_LANGUAGE_STANDARD = "gnu++0x";
				CLANG_CXX_LIBRARY = "libc++";
				CLANG_ENABLE_MODULES = YES;
				CLANG_ENABLE_OBJC_ARC = YES;
				CLANG_WARN_BOOL_CONVERSION = YES;
				CLANG_WARN_CONSTANT_CONVERSION = YES;
				CLANG_WARN_DIRECT_OBJC_ISA_USAGE = YES_ERROR;
				CLANG_WARN_EMPTY_BODY = YES;
				CLANG_WARN_ENUM_CONVERSION = YES;
				CLANG_WARN_INT_CONVERSION = YES;
				CLANG_WARN_OBJC_ROOT_CLASS = YES_ERROR;
				CLANG_WARN_UNREACHABLE_CODE = YES;
				CLANG_WARN__DUPLICATE_METHOD_MATCH = YES;
				"CODE_SIGN_IDENTITY[sdk=iphoneos*]" = "iPhone Developer";
				COPY_PHASE_STRIP = NO;
				ENABLE_STRICT_OBJC_MSGSEND = YES;
				GCC_C_LANGUAGE_STANDARD = gnu99;
				GCC_DYNAMIC_NO_PIC = NO;
				GCC_OPTIMIZATION_LEVEL = 0;
				GCC_PREPROCESSOR_DEFINITIONS = (
					"DEBUG=1",
					"$(inherited)",
				);
				GCC_SYMBOLS_PRIVATE_EXTERN = NO;
				GCC_WARN_64_TO_32_BIT_CONVERSION = YES;
				GCC_WARN_ABOUT_RETURN_TYPE = YES_ERROR;
				GCC_WARN_UNDECLARED_SELECTOR = YES;
				GCC_WARN_UNINITIALIZED_AUTOS = YES_AGGRESSIVE;
				GCC_WARN_UNUSED_FUNCTION = YES;
				GCC_WARN_UNUSED_VARIABLE = YES;
				IPHONEOS_DEPLOYMENT_TARGET = 8.1;
				MTL_ENABLE_DEBUG_INFO = YES;
				ONLY_ACTIVE_ARCH = YES;
				SDKROOT = iphoneos;
				SWIFT_OPTIMIZATION_LEVEL = "-Onone";
			};
			name = Debug;
		};
		CF1B66BF1A32F42400665D50 /* Release */ = {
			isa = XCBuildConfiguration;
			buildSettings = {
				ALWAYS_SEARCH_USER_PATHS = NO;
				CLANG_CXX_LANGUAGE_STANDARD = "gnu++0x";
				CLANG_CXX_LIBRARY = "libc++";
				CLANG_ENABLE_MODULES = YES;
				CLANG_ENABLE_OBJC_ARC = YES;
				CLANG_WARN_BOOL_CONVERSION = YES;
				CLANG_WARN_CONSTANT_CONVERSION = YES;
				CLANG_WARN_DIRECT_OBJC_ISA_USAGE = YES_ERROR;
				CLANG_WARN_EMPTY_BODY = YES;
				CLANG_WARN_ENUM_CONVERSION = YES;
				CLANG_WARN_INT_CONVERSION = YES;
				CLANG_WARN_OBJC_ROOT_CLASS = YES_ERROR;
				CLANG_WARN_UNREACHABLE_CODE = YES;
				CLANG_WARN__DUPLICATE_METHOD_MATCH = YES;
				"CODE_SIGN_IDENTITY[sdk=iphoneos*]" = "iPhone Developer";
				COPY_PHASE_STRIP = YES;
				ENABLE_NS_ASSERTIONS = NO;
				ENABLE_STRICT_OBJC_MSGSEND = YES;
				GCC_C_LANGUAGE_STANDARD = gnu99;
				GCC_WARN_64_TO_32_BIT_CONVERSION = YES;
				GCC_WARN_ABOUT_RETURN_TYPE = YES_ERROR;
				GCC_WARN_UNDECLARED_SELECTOR = YES;
				GCC_WARN_UNINITIALIZED_AUTOS = YES_AGGRESSIVE;
				GCC_WARN_UNUSED_FUNCTION = YES;
				GCC_WARN_UNUSED_VARIABLE = YES;
				IPHONEOS_DEPLOYMENT_TARGET = 8.1;
				MTL_ENABLE_DEBUG_INFO = NO;
				SDKROOT = iphoneos;
				VALIDATE_PRODUCT = YES;
			};
			name = Release;
		};
		CF1B66C11A32F42400665D50 /* Debug */ = {
			isa = XCBuildConfiguration;
			buildSettings = {
				ASSETCATALOG_COMPILER_APPICON_NAME = AppIcon;
				INFOPLIST_FILE = Sample/Info.plist;
				LD_RUNPATH_SEARCH_PATHS = "$(inherited) @executable_path/Frameworks";
				PRODUCT_NAME = "$(TARGET_NAME)";
			};
			name = Debug;
		};
		CF1B66C21A32F42400665D50 /* Release */ = {
			isa = XCBuildConfiguration;
			buildSettings = {
				ASSETCATALOG_COMPILER_APPICON_NAME = AppIcon;
				INFOPLIST_FILE = Sample/Info.plist;
				LD_RUNPATH_SEARCH_PATHS = "$(inherited) @executable_path/Frameworks";
				PRODUCT_NAME = "$(TARGET_NAME)";
			};
			name = Release;
		};
		CF1B66C41A32F42400665D50 /* Debug */ = {
			isa = XCBuildConfiguration;
			buildSettings = {
				BUNDLE_LOADER = "$(TEST_HOST)";
				FRAMEWORK_SEARCH_PATHS = (
					"$(SDKROOT)/Developer/Library/Frameworks",
					"$(inherited)",
				);
				GCC_PREPROCESSOR_DEFINITIONS = (
					"DEBUG=1",
					"$(inherited)",
				);
				INFOPLIST_FILE = SampleTests/Info.plist;
				LD_RUNPATH_SEARCH_PATHS = "$(inherited) @executable_path/Frameworks @loader_path/Frameworks";
				PRODUCT_NAME = "$(TARGET_NAME)";
				TEST_HOST = "$(BUILT_PRODUCTS_DIR)/Sample.app/Sample";
			};
			name = Debug;
		};
		CF1B66C51A32F42400665D50 /* Release */ = {
			isa = XCBuildConfiguration;
			buildSettings = {
				BUNDLE_LOADER = "$(TEST_HOST)";
				FRAMEWORK_SEARCH_PATHS = (
					"$(SDKROOT)/Developer/Library/Frameworks",
					"$(inherited)",
				);
				INFOPLIST_FILE = SampleTests/Info.plist;
				LD_RUNPATH_SEARCH_PATHS = "$(inherited) @executable_path/Frameworks @loader_path/Frameworks";
				PRODUCT_NAME = "$(TARGET_NAME)";
				TEST_HOST = "$(BUILT_PRODUCTS_DIR)/Sample.app/Sample";
			};
			name = Release;
		};
/* End XCBuildConfiguration section */

/* Begin XCConfigurationList section */
		CF1B669C1A32F42400665D50 /* Build configuration list for PBXProject "Sample" */ = {
			isa = XCConfigurationList;
			buildConfigurations = (
				CF1B66BE1A32F42400665D50 /* Debug */,
				CF1B66BF1A32F42400665D50 /* Release */,
			);
			defaultConfigurationIsVisible = 0;
			defaultConfigurationName = Release;
		};
		CF1B66C01A32F42400665D50 /* Build configuration list for PBXNativeTarget "Sample" */ = {
			isa = XCConfigurationList;
			buildConfigurations = (
				CF1B66C11A32F42400665D50 /* Debug */,
				CF1B66C21A32F42400665D50 /* Release */,
			);
			defaultConfigurationIsVisible = 0;
		};
		CF1B66C31A32F42400665D50 /* Build configuration list for PBXNativeTarget "SampleTests" */ = {
			isa = XCConfigurationList;
			buildConfigurations = (
				CF1B66C41A32F42400665D50 /* Debug */,
				CF1B66C51A32F42400665D50 /* Release */,
			);
			defaultConfigurationIsVisible = 0;
		};
/* End XCConfigurationList section */
	};
	rootObject = CF1B66991A32F42400665D50 /* Project object */;
}
